# This file is autogenerated, do not edit; changes may be undone by the next 'dep ensure'.


[[projects]]
  branch = "master"
  name = "github.com/pebbe/zmq4"
  packages = ["."]
  revision = "5643cd30b2c0b33ec40466b0da138a84e5357cca"

[solve-meta]
  analyzer-name = "dep"
  analyzer-version = 1
  inputs-digest = "c265f1f551350817c97b9d699bf2b4491a4f2e917945e694fa4611f56f5e57df"
  solver-name = "gps-cdcl"
  solver-version = 1
